
Microsoft Visual Studio Solution File, Format Version 12.00
# Visual Studio Version 17
VisualStudioVersion = 17.4.33110.190
MinimumVisualStudioVersion = 10.0.40219.1
Project("{9A19103F-16F7-4668-BE54-9A1E7A4F7556}") = "EchoBot", "EchoBot.csproj", "{C0B69FB8-2056-409D-96D0-C8F419A91C82}"
EndProject
Global
	GlobalSection(SolutionConfigurationPlatforms) = preSolution
		Debug|Any CPU = Debug|Any CPU
		Release|Any CPU = Release|Any CPU
	EndGlobalSection
	GlobalSection(ProjectConfigurationPlatforms) = postSolution
		{C0B69FB8-2056-409D-96D0-C8F419A91C82}.Debug|Any CPU.ActiveCfg = Debug|Any CPU
		{C0B69FB8-2056-409D-96D0-C8F419A91C82}.Debug|Any CPU.Build.0 = Debug|Any CPU
		{C0B69FB8-2056-409D-96D0-C8F419A91C82}.Release|Any CPU.ActiveCfg = Release|Any CPU
		{C0B69FB8-2056-409D-96D0-C8F419A91C82}.Release|Any CPU.Build.0 = Release|Any CPU
	EndGlobalSection
	GlobalSection(SolutionProperties) = preSolution
		HideSolutionNode = FALSE
	EndGlobalSection
	GlobalSection(ExtensibilityGlobals) = postSolution
		SolutionGuid = {2008F689-3B92-410C-8962-61101D386FC7}
	EndGlobalSection
EndGlobal
